
Microsoft Visual Studio Solution File, Format Version 12.00
# Visual Studio 15
VisualStudioVersion = 15.0.26124.0
MinimumVisualStudioVersion = 15.0.26124.0
Project("{9A19103F-16F7-4668-BE54-9A1E7A4F7556}") = "Songhay.Blog", "Songhay.Blog\Songhay.Blog.csproj", "{417A4900-0F95-4FED-8C64-153C147755E9}"
EndProject
Project("{9A19103F-16F7-4668-BE54-9A1E7A4F7556}") = "Songhay.Blog.Tests", "Songhay.Blog.Tests\Songhay.Blog.Tests.csproj", "{4268D616-2289-4E0D-BEEB-43772C567E8F}"
EndProject
Global
	GlobalSection(SolutionConfigurationPlatforms) = preSolution
		Debug|Any CPU = Debug|Any CPU
		Debug|x64 = Debug|x64
		Debug|x86 = Debug|x86
		Release|Any CPU = Release|Any CPU
		Release|x64 = Release|x64
		Release|x86 = Release|x86
	EndGlobalSection
	GlobalSection(ProjectConfigurationPlatforms) = postSolution
		{417A4900-0F95-4FED-8C64-153C147755E9}.Debug|Any CPU.ActiveCfg = Debug|Any CPU
		{417A4900-0F95-4FED-8C64-153C147755E9}.Debug|Any CPU.Build.0 = Debug|Any CPU
		{417A4900-0F95-4FED-8C64-153C147755E9}.Debug|x64.ActiveCfg = Debug|Any CPU
		{417A4900-0F95-4FED-8C64-153C147755E9}.Debug|x64.Build.0 = Debug|Any CPU
		{417A4900-0F95-4FED-8C64-153C147755E9}.Debug|x86.ActiveCfg = Debug|Any CPU
		{417A4900-0F95-4FED-8C64-153C147755E9}.Debug|x86.Build.0 = Debug|Any CPU
		{417A4900-0F95-4FED-8C64-153C147755E9}.Release|Any CPU.ActiveCfg = Release|Any CPU
		{417A4900-0F95-4FED-8C64-153C147755E9}.Release|Any CPU.Build.0 = Release|Any CPU
		{417A4900-0F95-4FED-8C64-153C147755E9}.Release|x64.ActiveCfg = Release|Any CPU
		{417A4900-0F95-4FED-8C64-153C147755E9}.Release|x64.Build.0 = Release|Any CPU
		{417A4900-0F95-4FED-8C64-153C147755E9}.Release|x86.ActiveCfg = Release|Any CPU
		{417A4900-0F95-4FED-8C64-153C147755E9}.Release|x86.Build.0 = Release|Any CPU
		{4268D616-2289-4E0D-BEEB-43772C567E8F}.Debug|Any CPU.ActiveCfg = Debug|Any CPU
		{4268D616-2289-4E0D-BEEB-43772C567E8F}.Debug|Any CPU.Build.0 = Debug|Any CPU
		{4268D616-2289-4E0D-BEEB-43772C567E8F}.Debug|x64.ActiveCfg = Debug|Any CPU
		{4268D616-2289-4E0D-BEEB-43772C567E8F}.Debug|x64.Build.0 = Debug|Any CPU
		{4268D616-2289-4E0D-BEEB-43772C567E8F}.Debug|x86.ActiveCfg = Debug|Any CPU
		{4268D616-2289-4E0D-BEEB-43772C567E8F}.Debug|x86.Build.0 = Debug|Any CPU
		{4268D616-2289-4E0D-BEEB-43772C567E8F}.Release|Any CPU.ActiveCfg = Release|Any CPU
		{4268D616-2289-4E0D-BEEB-43772C567E8F}.Release|Any CPU.Build.0 = Release|Any CPU
		{4268D616-2289-4E0D-BEEB-43772C567E8F}.Release|x64.ActiveCfg = Release|Any CPU
		{4268D616-2289-4E0D-BEEB-43772C567E8F}.Release|x64.Build.0 = Release|Any CPU
		{4268D616-2289-4E0D-BEEB-43772C567E8F}.Release|x86.ActiveCfg = Release|Any CPU
		{4268D616-2289-4E0D-BEEB-43772C567E8F}.Release|x86.Build.0 = Release|Any CPU
	EndGlobalSection
	GlobalSection(SolutionProperties) = preSolution
		HideSolutionNode = FALSE
	EndGlobalSection
	GlobalSection(ExtensibilityGlobals) = postSolution
		SolutionGuid = {0D293502-96A7-4655-B082-7065CBF044CE}
	EndGlobalSection
EndGlobal
